../../output/taxonomy_annotation_workflow/subsampled_assemblies/large.fasta
../../output/taxonomy_annotation_workflow/subsampled_assemblies/small.fasta
../../output/taxonomy_annotation_workflow/simulated_raw_reads/large.fasta
../../output/taxonomy_annotation_workflow/simulated_raw_reads/small.fasta
../../output/taxonomy_annotation_workflow/mmseqs_UniRef90/large.tsv
../../output/taxonomy_annotation_workflow/mmseqs_UniRef100/large.tsv
../../output/taxonomy_annotation_workflow/mmseqs_UniRef90/small.tsv
../../output/taxonomy_annotation_workflow/mmseqs_UniRef100/small.tsv
../../output/taxonomy_annotation_workflow/sourmash_lca/large.csv
../../output/taxonomy_annotation_workflow/sourmash_lca/small.csv
/vortexfs1/omics/alexander/data/TARA/PRJEB4352-snakmake-output/prodigal/SO-all-SRF-180-2000.00/proteins.faa
/vortexfs1/omics/alexander/data/TARA/PRJEB4352-snakmake-output/prodigal/SO-all-SRF-0.8-5.00/proteins.faa
../../output/taxonomy_annotation_workflow/subsampled_assemblies/large.fasta
../../output/taxonomy_annotation_workflow/subsampled_assemblies/small.fasta
../../output/taxonomy_annotation_workflow/subsampled_assemblies/large.fasta
../../output/taxonomy_annotation_workflow/subsampled_assemblies/large.fasta
../../output/taxonomy_annotation_workflow/subsampled_assemblies/small.fasta
../../output/taxonomy_annotation_workflow/subsampled_assemblies/small.fasta
../../output/taxonomy_annotation_workflow/subsampled_assemblies/large.fasta
../../output/taxonomy_annotation_workflow/databases/genbank-k31.lca.json.gz
../../output/taxonomy_annotation_workflow/subsampled_assemblies/small.fasta
../../output/taxonomy_annotation_workflow/databases/genbank-k31.lca.json.gz
